<?xml version="1.0" encoding="utf-8"?>
<Project ToolsVersion="16.0" xmlns="http://schemas.microsoft.com/developer/msbuild/2003">
  <ItemGroup>
    <CustomBuild Include="C:\Demos\CMakeTest\CMakeFiles\3da30aef3debc1b4c449b8b59309bba7\Nightly.rule">
      <Filter>CMake Rules</Filter>
    </CustomBuild>
    <CustomBuild Include="C:\Demos\CMakeTest\CMakeLists.txt" />
  </ItemGroup>
  <ItemGroup>
    <None Include="C:\Demos\CMakeTest\CMakeFiles\Nightly" />
  </ItemGroup>
  <ItemGroup>
    <Filter Include="CMake Rules">
      <UniqueIdentifier>{1A82FD3B-FE57-3F91-BED1-51D02479692B}</UniqueIdentifier>
    </Filter>
  </ItemGroup>
</Project>
